
Microsoft Visual Studio Solution File, Format Version 12.00
# Visual Studio Version 17
VisualStudioVersion = 17.7.34221.43
MinimumVisualStudioVersion = 10.0.40219.1
Project("{9A19103F-16F7-4668-BE54-9A1E7A4F7556}") = "BlazorServerCP", "BlazorServerCP\BlazorServerCP.csproj", "{6738085E-9AF6-4125-97DB-8D580682FE3C}"
EndProject
Global
	GlobalSection(SolutionConfigurationPlatforms) = preSolution
		Debug|Any CPU = Debug|Any CPU
		Release|Any CPU = Release|Any CPU
	EndGlobalSection
	GlobalSection(ProjectConfigurationPlatforms) = postSolution
		{6738085E-9AF6-4125-97DB-8D580682FE3C}.Debug|Any CPU.ActiveCfg = Debug|Any CPU
		{6738085E-9AF6-4125-97DB-8D580682FE3C}.Debug|Any CPU.Build.0 = Debug|Any CPU
		{6738085E-9AF6-4125-97DB-8D580682FE3C}.Release|Any CPU.ActiveCfg = Release|Any CPU
		{6738085E-9AF6-4125-97DB-8D580682FE3C}.Release|Any CPU.Build.0 = Release|Any CPU
	EndGlobalSection
	GlobalSection(SolutionProperties) = preSolution
		HideSolutionNode = FALSE
	EndGlobalSection
	GlobalSection(ExtensibilityGlobals) = postSolution
		SolutionGuid = {B2D86C82-CED6-42F4-A8F8-D961BD01071B}
	EndGlobalSection
EndGlobal
